<?xml version="1.0" encoding="utf-8"?>
<Project ToolsVersion="4.0" xmlns="http://schemas.microsoft.com/developer/msbuild/2003">
  <ItemGroup>
    <Filter Include="Source Files">
      <UniqueIdentifier>{4FC737F1-C7A5-4376-A066-2A32D752A2FF}</UniqueIdentifier>
      <Extensions>cpp;cxx;c;def</Extensions>
    </Filter>
    <Filter Include="Form Files">
      <UniqueIdentifier>{99349809-55BA-4b9d-BF79-8FDBB0286EB3}</UniqueIdentifier>
      <Extensions>ui</Extensions>
    </Filter>
    <Filter Include="Resource Files">
      <UniqueIdentifier>{D9D6E242-F8AF-46E4-B9FD-80ECBC20BA3E}</UniqueIdentifier>
      <Extensions>qrc;*</Extensions>
      <ParseFiles>false</ParseFiles>
    </Filter>
    <Filter Include="Generated Files">
      <UniqueIdentifier>{71ED8ED8-ACB9-4CE9-BBE1-E00B30144E11}</UniqueIdentifier>
      <Extensions>moc;h;cpp</Extensions>
      <SourceControlFiles>False</SourceControlFiles>
    </Filter>
    <Filter Include="Generated Files\Release">
      <UniqueIdentifier>{d185cdc6-5f9a-43e7-af20-4a463ae8fef1}</UniqueIdentifier>
      <Extensions>cpp;moc</Extensions>
      <SourceControlFiles>False</SourceControlFiles>
    </Filter>
    <Filter Include="Generated Files\Debug">
      <UniqueIdentifier>{ffcfb83f-dfc3-4f59-8b67-df9590cf832e}</UniqueIdentifier>
      <Extensions>cpp;moc</Extensions>
      <SourceControlFiles>False</SourceControlFiles>
    </Filter>
    <Filter Include="Generated Files\Template">
      <UniqueIdentifier>{9d0db21c-ed99-456b-9981-6ae9f023607d}</UniqueIdentifier>
      <Extensions>cpp;moc</Extensions>
      <SourceControlFiles>False</SourceControlFiles>
    </Filter>
    <Filter Include="Translation Files">
      <UniqueIdentifier>{639EADAA-A684-42e4-A9AD-28FC9BCB8F7C}</UniqueIdentifier>
      <Extensions>ts</Extensions>
      <ParseFiles>false</ParseFiles>
    </Filter>
    <Filter Include="Resource Files\Header Files">
      <UniqueIdentifier>{93995380-89BD-4b04-88EB-625FBE52EBFB}</UniqueIdentifier>
      <Extensions>h</Extensions>
    </Filter>
  </ItemGroup>
  <ItemGroup>
    <ClCompile Include="cchooseconfigs.cpp">
      <Filter>Source Files</Filter>
    </ClCompile>
    <ClCompile Include="configsetting.cpp">
      <Filter>Source Files</Filter>
    </ClCompile>
    <ClCompile Include="hardwareop.cpp">
      <Filter>Source Files</Filter>
    </ClCompile>
    <ClCompile Include="hisfx3ccmtest.cpp">
      <Filter>Source Files</Filter>
    </ClCompile>
    <ClCompile Include="main.cpp">
      <Filter>Source Files</Filter>
    </ClCompile>
    <ClCompile Include="saveimage.cpp">
      <Filter>Source Files</Filter>
    </ClCompile>
    <ClCompile Include="GeneratedFiles\Release\moc_cchooseconfigs.cpp">
      <Filter>Generated Files\Release</Filter>
    </ClCompile>
    <ClCompile Include="GeneratedFiles\Release\moc_configsetting.cpp">
      <Filter>Generated Files\Release</Filter>
    </ClCompile>
    <ClCompile Include="GeneratedFiles\Release\moc_hardwareop.cpp">
      <Filter>Generated Files\Release</Filter>
    </ClCompile>
    <ClCompile Include="GeneratedFiles\Release\moc_hisfx3ccmtest.cpp">
      <Filter>Generated Files\Release</Filter>
    </ClCompile>
    <ClCompile Include="GeneratedFiles\Release\moc_saveimage.cpp">
      <Filter>Generated Files\Release</Filter>
    </ClCompile>
    <ClCompile Include="importtable.cpp">
      <Filter>Source Files</Filter>
    </ClCompile>
    <ClCompile Include="GeneratedFiles\Release\moc_importtable.cpp">
      <Filter>Generated Files\Release</Filter>
    </ClCompile>
    <ClCompile Include="qmanualtool.cpp">
      <Filter>Source Files</Filter>
    </ClCompile>
    <ClCompile Include="GeneratedFiles\Release\moc_qmanualtool.cpp">
      <Filter>Generated Files\Release</Filter>
    </ClCompile>
    <ClCompile Include="Serial.cpp">
      <Filter>Source Files</Filter>
    </ClCompile>
    <ClCompile Include="qoplow.cpp">
      <Filter>Source Files</Filter>
    </ClCompile>
    <ClCompile Include="qconfigmanage.cpp">
      <Filter>Source Files</Filter>
    </ClCompile>
    <ClCompile Include="GeneratedFiles\Release\moc_qconfigmanage.cpp">
      <Filter>Generated Files\Release</Filter>
    </ClCompile>
    <ClCompile Include="qitemexetool.cpp">
      <Filter>Source Files</Filter>
    </ClCompile>
    <ClCompile Include="GeneratedFiles\Release\moc_qitemexetool.cpp">
      <Filter>Generated Files\Release</Filter>
    </ClCompile>
    <ClCompile Include="qautomation.cpp">
      <Filter>Source Files</Filter>
    </ClCompile>
    <ClCompile Include="coorconverttool.cpp">
      <Filter>Source Files</Filter>
    </ClCompile>
    <ClCompile Include="GeneratedFiles\Release\moc_coorconverttool.cpp">
      <Filter>Generated Files\Release</Filter>
    </ClCompile>
    <ClCompile Include="fx3deviceconfig.cpp">
      <Filter>Source Files</Filter>
    </ClCompile>
    <ClCompile Include="GeneratedFiles\Release\moc_fx3deviceconfig.cpp">
      <Filter>Generated Files\Release</Filter>
    </ClCompile>
    <ClCompile Include="updatefirewaredialog.cpp">
      <Filter>Source Files</Filter>
    </ClCompile>
    <ClCompile Include="GeneratedFiles\Release\moc_updatefirewaredialog.cpp">
      <Filter>Generated Files\Release</Filter>
    </ClCompile>
    <ClCompile Include="qimageshowconfig.cpp">
      <Filter>Source Files</Filter>
    </ClCompile>
    <ClCompile Include="GeneratedFiles\Release\moc_qimageshowconfig.cpp">
      <Filter>Generated Files\Release</Filter>
    </ClCompile>
    <ClCompile Include="QHButtonExec.cpp">
      <Filter>Source Files</Filter>
    </ClCompile>
    <ClCompile Include="GeneratedFiles\Release\moc_QHButtonExec.cpp">
      <Filter>Generated Files\Release</Filter>
    </ClCompile>
    <ClCompile Include="QHInfoPanel.cpp">
      <Filter>Source Files</Filter>
    </ClCompile>
    <ClCompile Include="GeneratedFiles\Release\moc_QHInfoPanel.cpp">
      <Filter>Generated Files\Release</Filter>
    </ClCompile>
    <ClCompile Include="QHOpModeSwitch.cpp">
      <Filter>Source Files</Filter>
    </ClCompile>
    <ClCompile Include="GeneratedFiles\Release\moc_QHOpModeSwitch.cpp">
      <Filter>Generated Files\Release</Filter>
    </ClCompile>
    <ClCompile Include="QHManualModeA.cpp">
      <Filter>Source Files</Filter>
    </ClCompile>
    <ClCompile Include="GeneratedFiles\Release\moc_QHManualModeA.cpp">
      <Filter>Generated Files\Release</Filter>
    </ClCompile>
    <ClCompile Include="QHTextItemEdit.cpp">
      <Filter>Source Files</Filter>
    </ClCompile>
    <ClCompile Include="GeneratedFiles\Release\moc_QHTextItemEdit.cpp">
      <Filter>Generated Files\Release</Filter>
    </ClCompile>
    <ClCompile Include="QHTextInfoPanel.cpp">
      <Filter>Source Files</Filter>
    </ClCompile>
    <ClCompile Include="GeneratedFiles\Release\moc_QHTextInfoPanel.cpp">
      <Filter>Generated Files\Release</Filter>
    </ClCompile>
    <ClCompile Include="QHBlemishHC.cpp">
      <Filter>Source Files</Filter>
    </ClCompile>
    <ClCompile Include="GeneratedFiles\Release\moc_QHBlemishHC.cpp">
      <Filter>Generated Files\Release</Filter>
    </ClCompile>
    <ClCompile Include="QHDrawTEstItem.cpp">
      <Filter>Source Files</Filter>
    </ClCompile>
    <ClCompile Include="GeneratedFiles\Release\moc_QHDrawTEstItem.cpp">
      <Filter>Generated Files\Release</Filter>
    </ClCompile>
    <ClCompile Include="GeneratedFiles\Release\moc_QHStatisPanel.cpp">
      <Filter>Generated Files\Release</Filter>
    </ClCompile>
    <ClCompile Include="QHStatisPanel.cpp">
      <Filter>Source Files</Filter>
    </ClCompile>
    <ClCompile Include="itemprocess.cpp">
      <Filter>Source Files</Filter>
    </ClCompile>
    <ClCompile Include="GeneratedFiles\Release\moc_itemprocess.cpp">
      <Filter>Generated Files\Release</Filter>
    </ClCompile>
    <ClCompile Include="QHMainWindow.cpp">
      <Filter>Source Files</Filter>
    </ClCompile>
    <ClCompile Include="GeneratedFiles\Release\moc_QHMainWindow.cpp">
      <Filter>Generated Files\Release</Filter>
    </ClCompile>
    <ClCompile Include="GeneratedFiles\Release\moc_QHShortcut.cpp">
      <Filter>Generated Files\Release</Filter>
    </ClCompile>
    <ClCompile Include="QHShortcut.cpp">
      <Filter>Source Files</Filter>
    </ClCompile>
    <ClCompile Include="QHTableContent.cpp">
      <Filter>Source Files</Filter>
    </ClCompile>
    <ClCompile Include="GeneratedFiles\Release\moc_QHTableContent.cpp">
      <Filter>Generated Files\Release</Filter>
    </ClCompile>
    <ClCompile Include="QHImageFrame.cpp">
      <Filter>Source Files</Filter>
    </ClCompile>
    <ClCompile Include="GeneratedFiles\Release\moc_QHImageFrame.cpp">
      <Filter>Generated Files\Release</Filter>
    </ClCompile>
    <ClCompile Include="QHImageDebug.cpp">
      <Filter>Source Files</Filter>
    </ClCompile>
    <ClCompile Include="GeneratedFiles\Release\moc_QHImageDebug.cpp">
      <Filter>Generated Files\Release</Filter>
    </ClCompile>
    <ClCompile Include="QHChooseGrabberType.cpp">
      <Filter>Source Files</Filter>
    </ClCompile>
    <ClCompile Include="GeneratedFiles\Release\moc_QHChooseGrabberType.cpp">
      <Filter>Generated Files\Release</Filter>
    </ClCompile>
    <ClCompile Include="GeneratedFiles\Release\moc_QHofflinePath.cpp">
      <Filter>Generated Files\Release</Filter>
    </ClCompile>
    <ClCompile Include="QHofflinePath.cpp">
      <Filter>Source Files</Filter>
    </ClCompile>
    <ClCompile Include="GeneratedFiles\Release\moc_savedebuginfo.cpp">
      <Filter>Generated Files\Release</Filter>
    </ClCompile>
    <ClCompile Include="savedebuginfo.cpp">
      <Filter>Source Files</Filter>
    </ClCompile>
    <ClCompile Include="Qualcomm_LSCCalibrationDll.cpp">
      <Filter>Source Files</Filter>
    </ClCompile>
    <ClCompile Include="QHRepeatedTest.cpp">
      <Filter>Source Files</Filter>
    </ClCompile>
    <ClCompile Include="GeneratedFiles\Release\moc_QHRepeatedTest.cpp">
      <Filter>Generated Files\Release</Filter>
    </ClCompile>
    <ClCompile Include="QHFontSetting.cpp">
      <Filter>Source Files</Filter>
    </ClCompile>
    <ClCompile Include="GeneratedFiles\Release\moc_QHFontSetting.cpp">
      <Filter>Generated Files\Release</Filter>
    </ClCompile>
    <ClCompile Include="jsoncpp.cpp">
      <Filter>Source Files</Filter>
    </ClCompile>
    <ClCompile Include="GC5005_OTP_DD.cpp">
      <Filter>Source Files</Filter>
    </ClCompile>
    <ClCompile Include="jsl_logindialog.cpp">
      <Filter>Source Files</Filter>
    </ClCompile>
    <ClCompile Include="GeneratedFiles\Release\moc_jsl_logindialog.cpp">
      <Filter>Generated Files\Release</Filter>
    </ClCompile>
    <ClCompile Include="jsl_burnstate.cpp">
      <Filter>Source Files</Filter>
    </ClCompile>
    <ClCompile Include="GeneratedFiles\Release\moc_jsl_burnstate.cpp">
      <Filter>Generated Files\Release</Filter>
    </ClCompile>
    <ClCompile Include="qcustomplot.cpp">
      <Filter>Source Files</Filter>
    </ClCompile>
    <ClCompile Include="GeneratedFiles\Release\moc_qcustomplot.cpp">
      <Filter>Generated Files\Release</Filter>
    </ClCompile>
    <ClCompile Include="jsl_controlpanel.cpp">
      <Filter>Source Files</Filter>
    </ClCompile>
    <ClCompile Include="GeneratedFiles\Release\moc_jsl_controlpanel.cpp">
      <Filter>Generated Files\Release</Filter>
    </ClCompile>
    <ClCompile Include="leisaimotion.cpp">
      <Filter>Source Files</Filter>
    </ClCompile>
    <ClCompile Include="GeneratedFiles\Release\moc_leisaimotion.cpp">
      <Filter>Generated Files\Release</Filter>
    </ClCompile>
    <ClCompile Include="GeneratedFiles\qrc_hisfx3ccmtest.cpp">
      <Filter>Generated Files</Filter>
    </ClCompile>
    <ClCompile Include="GeneratedFiles\Debug\moc_jsl_controlpanel.cpp">
      <Filter>Generated Files\Debug</Filter>
    </ClCompile>
    <ClCompile Include="GeneratedFiles\Debug\moc_jsl_logindialog.cpp">
      <Filter>Generated Files\Debug</Filter>
    </ClCompile>
    <ClCompile Include="GeneratedFiles\Debug\moc_leisaimotion.cpp">
      <Filter>Generated Files\Debug</Filter>
    </ClCompile>
    <ClCompile Include="GeneratedFiles\Debug\moc_qconfigmanage.cpp">
      <Filter>Generated Files\Debug</Filter>
    </ClCompile>
    <ClCompile Include="GeneratedFiles\Debug\moc_qcustomplot.cpp">
      <Filter>Generated Files\Debug</Filter>
    </ClCompile>
    <ClCompile Include="GeneratedFiles\Debug\moc_QHBlemishHC.cpp">
      <Filter>Generated Files\Debug</Filter>
    </ClCompile>
    <ClCompile Include="GeneratedFiles\Debug\moc_QHButtonExec.cpp">
      <Filter>Generated Files\Debug</Filter>
    </ClCompile>
    <ClCompile Include="GeneratedFiles\Debug\moc_QHChooseGrabberType.cpp">
      <Filter>Generated Files\Debug</Filter>
    </ClCompile>
    <ClCompile Include="GeneratedFiles\Debug\moc_QHDrawTEstItem.cpp">
      <Filter>Generated Files\Debug</Filter>
    </ClCompile>
    <ClCompile Include="GeneratedFiles\Debug\moc_QHFontSetting.cpp">
      <Filter>Generated Files\Debug</Filter>
    </ClCompile>
    <ClCompile Include="GeneratedFiles\Debug\moc_QHImageDebug.cpp">
      <Filter>Generated Files\Debug</Filter>
    </ClCompile>
    <ClCompile Include="GeneratedFiles\Debug\moc_QHImageFrame.cpp">
      <Filter>Generated Files\Debug</Filter>
    </ClCompile>
    <ClCompile Include="GeneratedFiles\Debug\moc_QHInfoPanel.cpp">
      <Filter>Generated Files\Debug</Filter>
    </ClCompile>
    <ClCompile Include="GeneratedFiles\Debug\moc_QHMainWindow.cpp">
      <Filter>Generated Files\Debug</Filter>
    </ClCompile>
    <ClCompile Include="GeneratedFiles\Debug\moc_QHManualModeA.cpp">
      <Filter>Generated Files\Debug</Filter>
    </ClCompile>
    <ClCompile Include="GeneratedFiles\Debug\moc_QHofflinePath.cpp">
      <Filter>Generated Files\Debug</Filter>
    </ClCompile>
    <ClCompile Include="GeneratedFiles\Debug\moc_QHOpModeSwitch.cpp">
      <Filter>Generated Files\Debug</Filter>
    </ClCompile>
    <ClCompile Include="GeneratedFiles\Debug\moc_QHRepeatedTest.cpp">
      <Filter>Generated Files\Debug</Filter>
    </ClCompile>
    <ClCompile Include="GeneratedFiles\Debug\moc_QHShortcut.cpp">
      <Filter>Generated Files\Debug</Filter>
    </ClCompile>
    <ClCompile Include="GeneratedFiles\Debug\moc_QHStatisPanel.cpp">
      <Filter>Generated Files\Debug</Filter>
    </ClCompile>
    <ClCompile Include="GeneratedFiles\Debug\moc_QHTableContent.cpp">
      <Filter>Generated Files\Debug</Filter>
    </ClCompile>
    <ClCompile Include="GeneratedFiles\Debug\moc_QHTextInfoPanel.cpp">
      <Filter>Generated Files\Debug</Filter>
    </ClCompile>
    <ClCompile Include="GeneratedFiles\Debug\moc_QHTextItemEdit.cpp">
      <Filter>Generated Files\Debug</Filter>
    </ClCompile>
    <ClCompile Include="GeneratedFiles\Debug\moc_qimageshowconfig.cpp">
      <Filter>Generated Files\Debug</Filter>
    </ClCompile>
    <ClCompile Include="GeneratedFiles\Debug\moc_qitemexetool.cpp">
      <Filter>Generated Files\Debug</Filter>
    </ClCompile>
    <ClCompile Include="GeneratedFiles\Debug\moc_qmanualtool.cpp">
      <Filter>Generated Files\Debug</Filter>
    </ClCompile>
    <ClCompile Include="GeneratedFiles\Debug\moc_savedebuginfo.cpp">
      <Filter>Generated Files\Debug</Filter>
    </ClCompile>
    <ClCompile Include="GeneratedFiles\Debug\moc_saveimage.cpp">
      <Filter>Generated Files\Debug</Filter>
    </ClCompile>
    <ClCompile Include="GeneratedFiles\Debug\moc_updatefirewaredialog.cpp">
      <Filter>Generated Files\Debug</Filter>
    </ClCompile>
    <ClCompile Include="GeneratedFiles\Debug\moc_cchooseconfigs.cpp">
      <Filter>Generated Files\Debug</Filter>
    </ClCompile>
    <ClCompile Include="GeneratedFiles\Debug\moc_configsetting.cpp">
      <Filter>Generated Files\Debug</Filter>
    </ClCompile>
    <ClCompile Include="GeneratedFiles\Debug\moc_coorconverttool.cpp">
      <Filter>Generated Files\Debug</Filter>
    </ClCompile>
    <ClCompile Include="GeneratedFiles\Debug\moc_fx3deviceconfig.cpp">
      <Filter>Generated Files\Debug</Filter>
    </ClCompile>
    <ClCompile Include="GeneratedFiles\Debug\moc_hardwareop.cpp">
      <Filter>Generated Files\Debug</Filter>
    </ClCompile>
    <ClCompile Include="GeneratedFiles\Debug\moc_hisfx3ccmtest.cpp">
      <Filter>Generated Files\Debug</Filter>
    </ClCompile>
    <ClCompile Include="GeneratedFiles\Debug\moc_importtable.cpp">
      <Filter>Generated Files\Debug</Filter>
    </ClCompile>
    <ClCompile Include="GeneratedFiles\Debug\moc_itemprocess.cpp">
      <Filter>Generated Files\Debug</Filter>
    </ClCompile>
    <ClCompile Include="GeneratedFiles\Debug\moc_jsl_burnstate.cpp">
      <Filter>Generated Files\Debug</Filter>
    </ClCompile>
    <ClCompile Include="WininetHttp.cpp">
      <Filter>Source Files</Filter>
    </ClCompile>
  </ItemGroup>
  <ItemGroup>
    <ClInclude Include="globaldefine.h">
      <Filter>Resource Files\Header Files</Filter>
    </ClInclude>
    <ClInclude Include="inc\HisFX3Platform.h">
      <Filter>Resource Files\Header Files</Filter>
    </ClInclude>
    <ClInclude Include="inc\HisGlobalDefine.h">
      <Filter>Resource Files\Header Files</Filter>
    </ClInclude>
    <ClInclude Include="resource.h">
      <Filter>Resource Files\Header Files</Filter>
    </ClInclude>
    <ClInclude Include="inc\HisFX3Log.h">
      <Filter>Resource Files\Header Files</Filter>
    </ClInclude>
    <ClInclude Include="inc\VersionDefine.h">
      <Filter>Resource Files\Header Files</Filter>
    </ClInclude>
    <ClInclude Include="inc\versionswitch.h">
      <Filter>Resource Files\Header Files</Filter>
    </ClInclude>
    <ClInclude Include="Serial.h">
      <Filter>Resource Files\Header Files</Filter>
    </ClInclude>
    <ClInclude Include="qoplow.h">
      <Filter>Resource Files\Header Files</Filter>
    </ClInclude>
    <ClInclude Include="JigboardFunction.h">
      <Filter>Resource Files\Header Files</Filter>
    </ClInclude>
    <ClInclude Include="qautomation.h">
      <Filter>Resource Files\Header Files</Filter>
    </ClInclude>
    <ClInclude Include="inc\PDAFCalibrationTools_Rev.h">
      <Filter>Resource Files\Header Files</Filter>
    </ClInclude>
    <ClInclude Include="itemGlobalHeader.h">
      <Filter>Resource Files\Header Files</Filter>
    </ClInclude>
    <ClInclude Include="Qualcomm_LSCCalibrationDll.h">
      <Filter>Resource Files\Header Files</Filter>
    </ClInclude>
    <ClInclude Include="json.h">
      <Filter>Resource Files\Header Files</Filter>
    </ClInclude>
    <ClInclude Include="json-forwards.h">
      <Filter>Resource Files\Header Files</Filter>
    </ClInclude>
    <ClInclude Include="GC5005_OTP_DD.h">
      <Filter>Resource Files\Header Files</Filter>
    </ClInclude>
    <ClInclude Include="cvImageTool.h">
      <Filter>Resource Files\Header Files</Filter>
    </ClInclude>
    <ClInclude Include="GeneratedFiles\ui_cchooseconfigs.h">
      <Filter>Generated Files</Filter>
    </ClInclude>
    <ClInclude Include="GeneratedFiles\ui_configsetting.h">
      <Filter>Generated Files</Filter>
    </ClInclude>
    <ClInclude Include="GeneratedFiles\ui_coorconverttool.h">
      <Filter>Generated Files</Filter>
    </ClInclude>
    <ClInclude Include="GeneratedFiles\ui_fx3deviceconfig.h">
      <Filter>Generated Files</Filter>
    </ClInclude>
    <ClInclude Include="GeneratedFiles\ui_hardwareop.h">
      <Filter>Generated Files</Filter>
    </ClInclude>
    <ClInclude Include="GeneratedFiles\ui_hisfx3ccmtest.h">
      <Filter>Generated Files</Filter>
    </ClInclude>
    <ClInclude Include="GeneratedFiles\ui_importtable.h">
      <Filter>Generated Files</Filter>
    </ClInclude>
    <ClInclude Include="GeneratedFiles\ui_jsl_burnstate.h">
      <Filter>Generated Files</Filter>
    </ClInclude>
    <ClInclude Include="GeneratedFiles\ui_jsl_controlpanel.h">
      <Filter>Generated Files</Filter>
    </ClInclude>
    <ClInclude Include="GeneratedFiles\ui_jsl_logindialog.h">
      <Filter>Generated Files</Filter>
    </ClInclude>
    <ClInclude Include="GeneratedFiles\ui_qconfigmanage.h">
      <Filter>Generated Files</Filter>
    </ClInclude>
    <ClInclude Include="GeneratedFiles\ui_QHBlemishHC.h">
      <Filter>Generated Files</Filter>
    </ClInclude>
    <ClInclude Include="GeneratedFiles\ui_QHButtonExec.h">
      <Filter>Generated Files</Filter>
    </ClInclude>
    <ClInclude Include="GeneratedFiles\ui_QHChooseGrabberType.h">
      <Filter>Generated Files</Filter>
    </ClInclude>
    <ClInclude Include="GeneratedFiles\ui_QHDrawTEstItem.h">
      <Filter>Generated Files</Filter>
    </ClInclude>
    <ClInclude Include="GeneratedFiles\ui_QHFontSetting.h">
      <Filter>Generated Files</Filter>
    </ClInclude>
    <ClInclude Include="GeneratedFiles\ui_QHImageDebug.h">
      <Filter>Generated Files</Filter>
    </ClInclude>
    <ClInclude Include="GeneratedFiles\ui_QHInfoPanel.h">
      <Filter>Generated Files</Filter>
    </ClInclude>
    <ClInclude Include="GeneratedFiles\ui_QHMainWindow.h">
      <Filter>Generated Files</Filter>
    </ClInclude>
    <ClInclude Include="GeneratedFiles\ui_QHManualModeA.h">
      <Filter>Generated Files</Filter>
    </ClInclude>
    <ClInclude Include="GeneratedFiles\ui_QHofflinePath.h">
      <Filter>Generated Files</Filter>
    </ClInclude>
    <ClInclude Include="GeneratedFiles\ui_QHOpModeSwitch.h">
      <Filter>Generated Files</Filter>
    </ClInclude>
    <ClInclude Include="GeneratedFiles\ui_QHRepeatedTest.h">
      <Filter>Generated Files</Filter>
    </ClInclude>
    <ClInclude Include="GeneratedFiles\ui_QHShortcut.h">
      <Filter>Generated Files</Filter>
    </ClInclude>
    <ClInclude Include="GeneratedFiles\ui_QHStatisPanel.h">
      <Filter>Generated Files</Filter>
    </ClInclude>
    <ClInclude Include="GeneratedFiles\ui_QHTableContent.h">
      <Filter>Generated Files</Filter>
    </ClInclude>
    <ClInclude Include="GeneratedFiles\ui_QHTextInfoPanel.h">
      <Filter>Generated Files</Filter>
    </ClInclude>
    <ClInclude Include="GeneratedFiles\ui_QHTextItemEdit.h">
      <Filter>Generated Files</Filter>
    </ClInclude>
    <ClInclude Include="GeneratedFiles\ui_qimageshowconfig.h">
      <Filter>Generated Files</Filter>
    </ClInclude>
    <ClInclude Include="GeneratedFiles\ui_qitemexetool.h">
      <Filter>Generated Files</Filter>
    </ClInclude>
    <ClInclude Include="GeneratedFiles\ui_qmanualtool.h">
      <Filter>Generated Files</Filter>
    </ClInclude>
    <ClInclude Include="GeneratedFiles\ui_savedebuginfo.h">
      <Filter>Generated Files</Filter>
    </ClInclude>
    <ClInclude Include="GeneratedFiles\ui_saveimage.h">
      <Filter>Generated Files</Filter>
    </ClInclude>
    <ClInclude Include="GeneratedFiles\ui_updatefirewaredialog.h">
      <Filter>Generated Files</Filter>
    </ClInclude>
    <ClInclude Include="WininetHttp.h">
      <Filter>Resource Files\Header Files</Filter>
    </ClInclude>
  </ItemGroup>
  <ItemGroup>
    <None Include="Resources\logo.ico" />
    <None Include="hisfx3ccmtest_zh.ts">
      <Filter>Translation Files</Filter>
    </None>
    <None Include="Resources\48.png">
      <Filter>Resource Files</Filter>
    </None>
    <None Include="Resources\64.png">
      <Filter>Resource Files</Filter>
    </None>
    <None Include="Resources\autofocus.png">
      <Filter>Resource Files</Filter>
    </None>
    <None Include="Resources\bar_backgound.png">
      <Filter>Resource Files</Filter>
    </None>
    <None Include="Resources\bar_blue.PNG">
      <Filter>Resource Files</Filter>
    </None>
    <None Include="Resources\bar_cyan.png">
      <Filter>Resource Files</Filter>
    </None>
    <None Include="Resources\bar_green.PNG">
      <Filter>Resource Files</Filter>
    </None>
    <None Include="Resources\bar_grey.PNG">
      <Filter>Resource Files</Filter>
    </None>
    <None Include="Resources\bar_purple.PNG">
      <Filter>Resource Files</Filter>
    </None>
    <None Include="Resources\bar_red.PNG">
      <Filter>Resource Files</Filter>
    </None>
    <None Include="Resources\bar_yellow.PNG">
      <Filter>Resource Files</Filter>
    </None>
    <None Include="Resources\chooseprojects.png">
      <Filter>Resource Files</Filter>
    </None>
    <None Include="Resources\down - 副本.png">
      <Filter>Resource Files</Filter>
    </None>
    <None Include="Resources\down.png">
      <Filter>Resource Files</Filter>
    </None>
    <None Include="Resources\down_bigstep.png">
      <Filter>Resource Files</Filter>
    </None>
    <None Include="Resources\down_leftbigstep.png">
      <Filter>Resource Files</Filter>
    </None>
    <None Include="Resources\down_rightbigstep.png">
      <Filter>Resource Files</Filter>
    </None>
    <None Include="Resources\down_smallstep.png">
      <Filter>Resource Files</Filter>
    </None>
    <None Include="Resources\downleft_smallstep.png">
      <Filter>Resource Files</Filter>
    </None>
    <None Include="Resources\downright_smallstep.png">
      <Filter>Resource Files</Filter>
    </None>
    <None Include="Resources\edit.png">
      <Filter>Resource Files</Filter>
    </None>
    <None Include="Resources\go-previous.png">
      <Filter>Resource Files</Filter>
    </None>
    <None Include="Resources\Green.png">
      <Filter>Resource Files</Filter>
    </None>
    <None Include="Resources\help32.png">
      <Filter>Resource Files</Filter>
    </None>
    <None Include="Resources\I2C.PNG">
      <Filter>Resource Files</Filter>
    </None>
    <None Include="Resources\ico_save_success.png">
      <Filter>Resource Files</Filter>
    </None>
    <None Include="Resources\IIC.png">
      <Filter>Resource Files</Filter>
    </None>
    <None Include="Resources\itemexe.png">
      <Filter>Resource Files</Filter>
    </None>
    <None Include="Resources\left - 副本.png">
      <Filter>Resource Files</Filter>
    </None>
    <None Include="Resources\left.png">
      <Filter>Resource Files</Filter>
    </None>
    <None Include="Resources\left_bigstep.png">
      <Filter>Resource Files</Filter>
    </None>
    <None Include="Resources\left_smallstep.png">
      <Filter>Resource Files</Filter>
    </None>
    <None Include="Resources\logo.png">
      <Filter>Resource Files</Filter>
    </None>
    <None Include="Resources\new16.png">
      <Filter>Resource Files</Filter>
    </None>
    <None Include="Resources\new23.png">
      <Filter>Resource Files</Filter>
    </None>
    <None Include="Resources\new64.png">
      <Filter>Resource Files</Filter>
    </None>
    <None Include="Resources\ng.png">
      <Filter>Resource Files</Filter>
    </None>
    <None Include="Resources\ngbackend.png">
      <Filter>Resource Files</Filter>
    </None>
    <None Include="Resources\ngimage.png">
      <Filter>Resource Files</Filter>
    </None>
    <None Include="Resources\noconnecting.png">
      <Filter>Resource Files</Filter>
    </None>
    <None Include="Resources\noimageout.png">
      <Filter>Resource Files</Filter>
    </None>
    <None Include="Resources\pass.png">
      <Filter>Resource Files</Filter>
    </None>
    <None Include="Resources\passbackend.png">
      <Filter>Resource Files</Filter>
    </None>
    <None Include="Resources\passimage.png">
      <Filter>Resource Files</Filter>
    </None>
    <None Include="Resources\player_pause.png">
      <Filter>Resource Files</Filter>
    </None>
    <None Include="Resources\player_play.png">
      <Filter>Resource Files</Filter>
    </None>
    <None Include="Resources\player_stop.png">
      <Filter>Resource Files</Filter>
    </None>
    <None Include="Resources\Red.png">
      <Filter>Resource Files</Filter>
    </None>
    <None Include="Resources\right - 副本.png">
      <Filter>Resource Files</Filter>
    </None>
    <None Include="Resources\right.png">
      <Filter>Resource Files</Filter>
    </None>
    <None Include="Resources\right_bigstep.png">
      <Filter>Resource Files</Filter>
    </None>
    <None Include="Resources\right_smallstep.png">
      <Filter>Resource Files</Filter>
    </None>
    <None Include="Resources\saveimage.png">
      <Filter>Resource Files</Filter>
    </None>
    <None Include="Resources\see_adaptwin.hover.png">
      <Filter>Resource Files</Filter>
    </None>
    <None Include="Resources\see_adaptwin.png">
      <Filter>Resource Files</Filter>
    </None>
    <None Include="Resources\see_trimsize.hover.png">
      <Filter>Resource Files</Filter>
    </None>
    <None Include="Resources\see_trimsize.png">
      <Filter>Resource Files</Filter>
    </None>
    <None Include="Resources\sessions.png">
      <Filter>Resource Files</Filter>
    </None>
    <None Include="Resources\spinner- - 副本.png">
      <Filter>Resource Files</Filter>
    </None>
    <None Include="Resources\spinner-.png">
      <Filter>Resource Files</Filter>
    </None>
    <None Include="Resources\spinner+ - 副本.png">
      <Filter>Resource Files</Filter>
    </None>
    <None Include="Resources\spinner+.png">
      <Filter>Resource Files</Filter>
    </None>
    <None Include="Resources\sunex.ico">
      <Filter>Resource Files</Filter>
    </None>
    <None Include="Resources\sunex.png">
      <Filter>Resource Files</Filter>
    </None>
    <None Include="Resources\testing.png">
      <Filter>Resource Files</Filter>
    </None>
    <None Include="Resources\tool.png">
      <Filter>Resource Files</Filter>
    </None>
    <None Include="Resources\tool1.png">
      <Filter>Resource Files</Filter>
    </None>
    <None Include="Resources\top_leftbigstep.png">
      <Filter>Resource Files</Filter>
    </None>
    <None Include="Resources\top_rightbigstep.png">
      <Filter>Resource Files</Filter>
    </None>
    <None Include="Resources\top_smallstep.png">
      <Filter>Resource Files</Filter>
    </None>
    <None Include="Resources\topleft_smallstep.png">
      <Filter>Resource Files</Filter>
    </None>
    <None Include="Resources\topright_smallstep.png">
      <Filter>Resource Files</Filter>
    </None>
    <None Include="Resources\up.png">
      <Filter>Resource Files</Filter>
    </None>
    <None Include="Resources\up_bigstep.png">
      <Filter>Resource Files</Filter>
    </None>
    <None Include="Resources\passimage_2.png">
      <Filter>Resource Files</Filter>
    </None>
    <None Include="Resources\SOP_AutoFocus.png">
      <Filter>Resource Files</Filter>
    </None>
  </ItemGroup>
  <ItemGroup>
    <ResourceCompile Include="HisFX3CCMTest.rc" />
  </ItemGroup>
  <ItemGroup>
    <CustomBuild Include="cchooseconfigs.h">
      <Filter>Resource Files\Header Files</Filter>
    </CustomBuild>
    <CustomBuild Include="configsetting.h">
      <Filter>Resource Files\Header Files</Filter>
    </CustomBuild>
    <CustomBuild Include="hardwareop.h">
      <Filter>Resource Files\Header Files</Filter>
    </CustomBuild>
    <CustomBuild Include="hisfx3ccmtest.h">
      <Filter>Resource Files\Header Files</Filter>
    </CustomBuild>
    <CustomBuild Include="saveimage.h">
      <Filter>Resource Files\Header Files</Filter>
    </CustomBuild>
    <CustomBuild Include="hisfx3ccmtest.qrc">
      <Filter>Resource Files</Filter>
    </CustomBuild>
    <CustomBuild Include="importtable.h">
      <Filter>Resource Files\Header Files</Filter>
    </CustomBuild>
    <CustomBuild Include="qmanualtool.h">
      <Filter>Resource Files\Header Files</Filter>
    </CustomBuild>
    <CustomBuild Include="qconfigmanage.h">
      <Filter>Resource Files\Header Files</Filter>
    </CustomBuild>
    <CustomBuild Include="qitemexetool.h">
      <Filter>Resource Files\Header Files</Filter>
    </CustomBuild>
    <CustomBuild Include="coorconverttool.h">
      <Filter>Resource Files\Header Files</Filter>
    </CustomBuild>
    <CustomBuild Include="fx3deviceconfig.h">
      <Filter>Resource Files\Header Files</Filter>
    </CustomBuild>
    <CustomBuild Include="updatefirewaredialog.h">
      <Filter>Resource Files\Header Files</Filter>
    </CustomBuild>
    <CustomBuild Include="qimageshowconfig.h">
      <Filter>Resource Files\Header Files</Filter>
    </CustomBuild>
    <CustomBuild Include="QHButtonExec.h">
      <Filter>Resource Files\Header Files</Filter>
    </CustomBuild>
    <CustomBuild Include="QHInfoPanel.h">
      <Filter>Resource Files\Header Files</Filter>
    </CustomBuild>
    <CustomBuild Include="QHOpModeSwitch.h">
      <Filter>Resource Files\Header Files</Filter>
    </CustomBuild>
    <CustomBuild Include="QHManualModeA.h">
      <Filter>Resource Files\Header Files</Filter>
    </CustomBuild>
    <CustomBuild Include="QHTextItemEdit.h">
      <Filter>Resource Files\Header Files</Filter>
    </CustomBuild>
    <CustomBuild Include="QHTextInfoPanel.h">
      <Filter>Resource Files\Header Files</Filter>
    </CustomBuild>
    <CustomBuild Include="QHBlemishHC.h">
      <Filter>Resource Files\Header Files</Filter>
    </CustomBuild>
    <CustomBuild Include="QHDrawTEstItem.h">
      <Filter>Resource Files\Header Files</Filter>
    </CustomBuild>
    <CustomBuild Include="cchooseconfigs.ui">
      <Filter>Form Files</Filter>
    </CustomBuild>
    <CustomBuild Include="configsetting.ui">
      <Filter>Form Files</Filter>
    </CustomBuild>
    <CustomBuild Include="coorconverttool.ui">
      <Filter>Form Files</Filter>
    </CustomBuild>
    <CustomBuild Include="fx3deviceconfig.ui">
      <Filter>Form Files</Filter>
    </CustomBuild>
    <CustomBuild Include="hardwareop.ui">
      <Filter>Form Files</Filter>
    </CustomBuild>
    <CustomBuild Include="hisfx3ccmtest.ui">
      <Filter>Form Files</Filter>
    </CustomBuild>
    <CustomBuild Include="importtable.ui">
      <Filter>Form Files</Filter>
    </CustomBuild>
    <CustomBuild Include="qconfigmanage.ui">
      <Filter>Form Files</Filter>
    </CustomBuild>
    <CustomBuild Include="QHBlemishHC.ui">
      <Filter>Form Files</Filter>
    </CustomBuild>
    <CustomBuild Include="QHButtonExec.ui">
      <Filter>Form Files</Filter>
    </CustomBuild>
    <CustomBuild Include="QHDrawTEstItem.ui">
      <Filter>Form Files</Filter>
    </CustomBuild>
    <CustomBuild Include="QHInfoPanel.ui">
      <Filter>Form Files</Filter>
    </CustomBuild>
    <CustomBuild Include="QHManualModeA.ui">
      <Filter>Form Files</Filter>
    </CustomBuild>
    <CustomBuild Include="QHOpModeSwitch.ui">
      <Filter>Form Files</Filter>
    </CustomBuild>
    <CustomBuild Include="QHTextInfoPanel.ui">
      <Filter>Form Files</Filter>
    </CustomBuild>
    <CustomBuild Include="QHTextItemEdit.ui">
      <Filter>Form Files</Filter>
    </CustomBuild>
    <CustomBuild Include="qimageshowconfig.ui">
      <Filter>Form Files</Filter>
    </CustomBuild>
    <CustomBuild Include="qitemexetool.ui">
      <Filter>Form Files</Filter>
    </CustomBuild>
    <CustomBuild Include="qmanualtool.ui">
      <Filter>Form Files</Filter>
    </CustomBuild>
    <CustomBuild Include="saveimage.ui">
      <Filter>Form Files</Filter>
    </CustomBuild>
    <CustomBuild Include="updatefirewaredialog.ui">
      <Filter>Form Files</Filter>
    </CustomBuild>
    <CustomBuild Include="QHStatisPanel.h">
      <Filter>Resource Files\Header Files</Filter>
    </CustomBuild>
    <CustomBuild Include="QHStatisPanel.ui">
      <Filter>Form Files</Filter>
    </CustomBuild>
    <CustomBuild Include="itemprocess.h">
      <Filter>Resource Files\Header Files</Filter>
    </CustomBuild>
    <CustomBuild Include="QHMainWindow.h">
      <Filter>Resource Files\Header Files</Filter>
    </CustomBuild>
    <CustomBuild Include="QHMainWindow.ui">
      <Filter>Form Files</Filter>
    </CustomBuild>
    <CustomBuild Include="QHShortcut.ui">
      <Filter>Form Files</Filter>
    </CustomBuild>
    <CustomBuild Include="QHShortcut.h">
      <Filter>Resource Files\Header Files</Filter>
    </CustomBuild>
    <CustomBuild Include="QHTableContent.h">
      <Filter>Resource Files\Header Files</Filter>
    </CustomBuild>
    <CustomBuild Include="QHTableContent.ui">
      <Filter>Form Files</Filter>
    </CustomBuild>
    <CustomBuild Include="QHImageFrame.h">
      <Filter>Resource Files\Header Files</Filter>
    </CustomBuild>
    <CustomBuild Include="QHImageDebug.h">
      <Filter>Resource Files\Header Files</Filter>
    </CustomBuild>
    <CustomBuild Include="QHImageDebug.ui">
      <Filter>Form Files</Filter>
    </CustomBuild>
    <CustomBuild Include="QHChooseGrabberType.h">
      <Filter>Resource Files\Header Files</Filter>
    </CustomBuild>
    <CustomBuild Include="QHChooseGrabberType.ui">
      <Filter>Form Files</Filter>
    </CustomBuild>
    <CustomBuild Include="QHofflinePath.ui">
      <Filter>Form Files</Filter>
    </CustomBuild>
    <CustomBuild Include="QHofflinePath.h">
      <Filter>Resource Files\Header Files</Filter>
    </CustomBuild>
    <CustomBuild Include="savedebuginfo.ui">
      <Filter>Form Files</Filter>
    </CustomBuild>
    <CustomBuild Include="savedebuginfo.h">
      <Filter>Resource Files\Header Files</Filter>
    </CustomBuild>
    <CustomBuild Include="QHRepeatedTest.h">
      <Filter>Resource Files\Header Files</Filter>
    </CustomBuild>
    <CustomBuild Include="QHRepeatedTest.ui">
      <Filter>Form Files</Filter>
    </CustomBuild>
    <CustomBuild Include="QHFontSetting.h">
      <Filter>Resource Files\Header Files</Filter>
    </CustomBuild>
    <CustomBuild Include="QHFontSetting.ui">
      <Filter>Form Files</Filter>
    </CustomBuild>
    <CustomBuild Include="jsl_logindialog.h">
      <Filter>Resource Files\Header Files</Filter>
    </CustomBuild>
    <CustomBuild Include="jsl_logindialog.ui">
      <Filter>Form Files</Filter>
    </CustomBuild>
    <CustomBuild Include="jsl_burnstate.h">
      <Filter>Resource Files\Header Files</Filter>
    </CustomBuild>
    <CustomBuild Include="jsl_burnstate.ui">
      <Filter>Form Files</Filter>
    </CustomBuild>
    <CustomBuild Include="qcustomplot.h">
      <Filter>Resource Files\Header Files</Filter>
    </CustomBuild>
    <CustomBuild Include="jsl_controlpanel.h">
      <Filter>Resource Files\Header Files</Filter>
    </CustomBuild>
    <CustomBuild Include="jsl_controlpanel.ui">
      <Filter>Form Files</Filter>
    </CustomBuild>
    <CustomBuild Include="leisaimotion.h">
      <Filter>Resource Files\Header Files</Filter>
    </CustomBuild>
  </ItemGroup>
</Project>